// !$*UTF8*$!
{
	archiveVersion = 1;
	classes = {
	};
	objectVersion = 56;
	objects = {

/* Begin PBXBuildFile section */
		1831544729167C17005476DE /* Button-Normal@2x.png in Resources */ = {isa = PBXBuildFile; fileRef = 1831543D29167C17005476DE /* Button-Normal@2x.png */; };
		1831544829167C17005476DE /* StartOverIcon@2x.png in Resources */ = {isa = PBXBuildFile; fileRef = 1831543E29167C17005476DE /* StartOverIcon@2x.png */; };
		1831544929167C17005476DE /* SliderThumb-Highlighted@2x.png in Resources */ = {isa = PBXBuildFile; fileRef = 1831543F29167C17005476DE /* SliderThumb-Highlighted@2x.png */; };
		1831544A29167C17005476DE /* SliderThumb-Normal@2x.png in Resources */ = {isa = PBXBuildFile; fileRef = 1831544029167C17005476DE /* SliderThumb-Normal@2x.png */; };
		1831544B29167C17005476DE /* SliderTrackLeft@2x.png in Resources */ = {isa = PBXBuildFile; fileRef = 1831544129167C17005476DE /* SliderTrackLeft@2x.png */; };
		1831544C29167C17005476DE /* SliderTrackRight@2x.png in Resources */ = {isa = PBXBuildFile; fileRef = 1831544229167C17005476DE /* SliderTrackRight@2x.png */; };
		1831544D29167C17005476DE /* Button-Highlighted@2x.png in Resources */ = {isa = PBXBuildFile; fileRef = 1831544329167C17005476DE /* Button-Highlighted@2x.png */; };
		1831544E29167C17005476DE /* SmallButton@2x.png in Resources */ = {isa = PBXBuildFile; fileRef = 1831544429167C17005476DE /* SmallButton@2x.png */; };
		1831544F29167C17005476DE /* InfoButton@2x.png in Resources */ = {isa = PBXBuildFile; fileRef = 1831544529167C17005476DE /* InfoButton@2x.png */; };
		1831545029167C17005476DE /* Background@2x.png in Resources */ = {isa = PBXBuildFile; fileRef = 1831544629167C17005476DE /* Background@2x.png */; };
		18C858AB291036C300CADB7C /* AppDelegate.swift in Sources */ = {isa = PBXBuildFile; fileRef = 18C858AA291036C300CADB7C /* AppDelegate.swift */; };
		18C858AD291036C300CADB7C /* SceneDelegate.swift in Sources */ = {isa = PBXBuildFile; fileRef = 18C858AC291036C300CADB7C /* SceneDelegate.swift */; };
		18C858AF291036C300CADB7C /* ViewController.swift in Sources */ = {isa = PBXBuildFile; fileRef = 18C858AE291036C300CADB7C /* ViewController.swift */; };
		18C858B2291036C300CADB7C /* Main.storyboard in Resources */ = {isa = PBXBuildFile; fileRef = 18C858B0291036C300CADB7C /* Main.storyboard */; };
		18C858B4291036C400CADB7C /* SliderThumb-Normal@2x.png in Resources */ = {isa = PBXBuildFile; fileRef = 18C858B3291036C400CADB7C /* SliderThumb-Normal@2x.png */; };
		18C858BF291047B100CADB7C /* InfoViewController.swift in Sources */ = {isa = PBXBuildFile; fileRef = 18C858BE291047B100CADB7C /* InfoViewController.swift */; };
/* End PBXBuildFile section */

/* Begin PBXFileReference section */
		1831543D29167C17005476DE /* Button-Normal@2x.png */ = {isa = PBXFileReference; lastKnownFileType = image.png; name = "Button-Normal@2x.png"; path = "../../../../../../../../../Downloads/Images/Button-Normal@2x.png"; sourceTree = "<group>"; };
		1831543E29167C17005476DE /* StartOverIcon@2x.png */ = {isa = PBXFileReference; lastKnownFileType = image.png; name = "StartOverIcon@2x.png"; path = "../../../../../../../../../Downloads/Images/StartOverIcon@2x.png"; sourceTree = "<group>"; };
		1831543F29167C17005476DE /* SliderThumb-Highlighted@2x.png */ = {isa = PBXFileReference; lastKnownFileType = image.png; name = "SliderThumb-Highlighted@2x.png"; path = "../../../../../../../../../Downloads/Images/SliderThumb-Highlighted@2x.png"; sourceTree = "<group>"; };
		1831544029167C17005476DE /* SliderThumb-Normal@2x.png */ = {isa = PBXFileReference; lastKnownFileType = image.png; name = "SliderThumb-Normal@2x.png"; path = "../../../../../../../../../Downloads/Images/SliderThumb-Normal@2x.png"; sourceTree = "<group>"; };
		1831544129167C17005476DE /* SliderTrackLeft@2x.png */ = {isa = PBXFileReference; lastKnownFileType = image.png; name = "SliderTrackLeft@2x.png"; path = "../../../../../../../../../Downloads/Images/SliderTrackLeft@2x.png"; sourceTree = "<group>"; };
		1831544229167C17005476DE /* SliderTrackRight@2x.png */ = {isa = PBXFileReference; lastKnownFileType = image.png; name = "SliderTrackRight@2x.png"; path = "../../../../../../../../../Downloads/Images/SliderTrackRight@2x.png"; sourceTree = "<group>"; };
		1831544329167C17005476DE /* Button-Highlighted@2x.png */ = {isa = PBXFileReference; lastKnownFileType = image.png; name = "Button-Highlighted@2x.png"; path = "../../../../../../../../../Downloads/Images/Button-Highlighted@2x.png"; sourceTree = "<group>"; };
		1831544429167C17005476DE /* SmallButton@2x.png */ = {isa = PBXFileReference; lastKnownFileType = image.png; name = "SmallButton@2x.png"; path = "../../../../../../../../../Downloads/Images/SmallButton@2x.png"; sourceTree = "<group>"; };
		1831544529167C17005476DE /* InfoButton@2x.png */ = {isa = PBXFileReference; lastKnownFileType = image.png; name = "InfoButton@2x.png"; path = "../../../../../../../../../Downloads/Images/InfoButton@2x.png"; sourceTree = "<group>"; };
		1831544629167C17005476DE /* Background@2x.png */ = {isa = PBXFileReference; lastKnownFileType = image.png; name = "Background@2x.png"; path = "../../../../../../../../../Downloads/Images/Background@2x.png"; sourceTree = "<group>"; };
		1831545129167C7B005476DE /* SliderThumb-Normal@2x.png */ = {isa = PBXFileReference; lastKnownFileType = image.png; path = "SliderThumb-Normal@2x.png"; sourceTree = "<group>"; };
		18C858A7291036C300CADB7C /* AimForThat.app */ = {isa = PBXFileReference; explicitFileType = wrapper.application; includeInIndex = 0; path = AimForThat.app; sourceTree = BUILT_PRODUCTS_DIR; };
		18C858AA291036C300CADB7C /* AppDelegate.swift */ = {isa = PBXFileReference; lastKnownFileType = sourcecode.swift; path = AppDelegate.swift; sourceTree = "<group>"; };
		18C858AC291036C300CADB7C /* SceneDelegate.swift */ = {isa = PBXFileReference; lastKnownFileType = sourcecode.swift; path = SceneDelegate.swift; sourceTree = "<group>"; };
		18C858AE291036C300CADB7C /* ViewController.swift */ = {isa = PBXFileReference; lastKnownFileType = sourcecode.swift; path = ViewController.swift; sourceTree = "<group>"; };
		18C858B1291036C300CADB7C /* Base */ = {isa = PBXFileReference; lastKnownFileType = file.storyboard; name = Base; path = Base.lproj/Main.storyboard; sourceTree = "<group>"; };
		18C858B3291036C400CADB7C /* SliderThumb-Normal@2x.png */ = {isa = PBXFileReference; lastKnownFileType = image.png; name = "SliderThumb-Normal@2x.png"; path = "../../../../../../../../Downloads/Images/SliderThumb-Normal@2x.png"; sourceTree = "<group>"; };
		18C858B8291036C400CADB7C /* Info.plist */ = {isa = PBXFileReference; lastKnownFileType = text.plist.xml; path = Info.plist; sourceTree = "<group>"; };
		18C858BE291047B100CADB7C /* InfoViewController.swift */ = {isa = PBXFileReference; lastKnownFileType = sourcecode.swift; path = InfoViewController.swift; sourceTree = "<group>"; };
/* End PBXFileReference section */

/* Begin PBXFrameworksBuildPhase section */
		18C858A4291036C300CADB7C /* Frameworks */ = {
			isa = PBXFrameworksBuildPhase;
			buildActionMask = 2147483647;
			files = (
			);
			runOnlyForDeploymentPostprocessing = 0;
		};
/* End PBXFrameworksBuildPhase section */

/* Begin PBXGroup section */
		1831543C29167C00005476DE /* assets */ = {
			isa = PBXGroup;
			children = (
				1831545129167C7B005476DE /* SliderThumb-Normal@2x.png */,
				1831544629167C17005476DE /* Background@2x.png */,
				1831544329167C17005476DE /* Button-Highlighted@2x.png */,
				1831543D29167C17005476DE /* Button-Normal@2x.png */,
				1831544529167C17005476DE /* InfoButton@2x.png */,
				1831543F29167C17005476DE /* SliderThumb-Highlighted@2x.png */,
				1831544029167C17005476DE /* SliderThumb-Normal@2x.png */,
				1831544129167C17005476DE /* SliderTrackLeft@2x.png */,
				1831544229167C17005476DE /* SliderTrackRight@2x.png */,
				1831544429167C17005476DE /* SmallButton@2x.png */,
				1831543E29167C17005476DE /* StartOverIcon@2x.png */,
			);
			path = assets;
			sourceTree = "<group>";
		};
		18C8589E291036C300CADB7C = {
			isa = PBXGroup;
			children = (
				18C858A9291036C300CADB7C /* AimForThat */,
				18C858A8291036C300CADB7C /* Products */,
			);
			sourceTree = "<group>";
		};
		18C858A8291036C300CADB7C /* Products */ = {
			isa = PBXGroup;
			children = (
				18C858A7291036C300CADB7C /* AimForThat.app */,
			);
			name = Products;
			sourceTree = "<group>";
		};
		18C858A9291036C300CADB7C /* AimForThat */ = {
			isa = PBXGroup;
			children = (
				1831543C29167C00005476DE /* assets */,
				18C858AA291036C300CADB7C /* AppDelegate.swift */,
				18C858AC291036C300CADB7C /* SceneDelegate.swift */,
				18C858AE291036C300CADB7C /* ViewController.swift */,
				18C858B0291036C300CADB7C /* Main.storyboard */,
				18C858B3291036C400CADB7C /* SliderThumb-Normal@2x.png */,
				18C858B8291036C400CADB7C /* Info.plist */,
				18C858BE291047B100CADB7C /* InfoViewController.swift */,
			);
			path = AimForThat;
			sourceTree = "<group>";
		};
/* End PBXGroup section */

/* Begin PBXNativeTarget section */
		18C858A6291036C300CADB7C /* AimForThat */ = {
			isa = PBXNativeTarget;
			buildConfigurationList = 18C858BB291036C400CADB7C /* Build configuration list for PBXNativeTarget "AimForThat" */;
			buildPhases = (
				18C858A3291036C300CADB7C /* Sources */,
				18C858A4291036C300CADB7C /* Frameworks */,
				18C858A5291036C300CADB7C /* Resources */,
			);
			buildRules = (
			);
			dependencies = (
			);
			name = AimForThat;
			productName = AimForThat;
			productReference = 18C858A7291036C300CADB7C /* AimForThat.app */;
			productType = "com.apple.product-type.application";
		};
/* End PBXNativeTarget section */

/* Begin PBXProject section */
		18C8589F291036C300CADB7C /* Project object */ = {
			isa = PBXProject;
			attributes = {
				BuildIndependentTargetsInParallel = 1;
				LastSwiftUpdateCheck = 1400;
				LastUpgradeCheck = 1400;
				TargetAttributes = {
					18C858A6291036C300CADB7C = {
						CreatedOnToolsVersion = 14.0.1;
					};
				};
			};
			buildConfigurationList = 18C858A2291036C300CADB7C /* Build configuration list for PBXProject "AimForThat" */;
			compatibilityVersion = "Xcode 14.0";
			developmentRegion = en;
			hasScannedForEncodings = 0;
			knownRegions = (
				en,
				Base,
			);
			mainGroup = 18C8589E291036C300CADB7C;
			productRefGroup = 18C858A8291036C300CADB7C /* Products */;
			projectDirPath = "";
			projectRoot = "";
			targets = (
				18C858A6291036C300CADB7C /* AimForThat */,
			);
		};
/* End PBXProject section */

/* Begin PBXResourcesBuildPhase section */
		18C858A5291036C300CADB7C /* Resources */ = {
			isa = PBXResourcesBuildPhase;
			buildActionMask = 2147483647;
			files = (
				1831544829167C17005476DE /* StartOverIcon@2x.png in Resources */,
				1831544A29167C17005476DE /* SliderThumb-Normal@2x.png in Resources */,
				1831544C29167C17005476DE /* SliderTrackRight@2x.png in Resources */,
				1831544729167C17005476DE /* Button-Normal@2x.png in Resources */,
				1831544D29167C17005476DE /* Button-Highlighted@2x.png in Resources */,
				1831544929167C17005476DE /* SliderThumb-Highlighted@2x.png in Resources */,
				1831545029167C17005476DE /* Background@2x.png in Resources */,
				1831544F29167C17005476DE /* InfoButton@2x.png in Resources */,
				18C858B4291036C400CADB7C /* SliderThumb-Normal@2x.png in Resources */,
				18C858B2291036C300CADB7C /* Main.storyboard in Resources */,
				1831544E29167C17005476DE /* SmallButton@2x.png in Resources */,
				1831544B29167C17005476DE /* SliderTrackLeft@2x.png in Resources */,
			);
			runOnlyForDeploymentPostprocessing = 0;
		};
/* End PBXResourcesBuildPhase section */

/* Begin PBXSourcesBuildPhase section */
		18C858A3291036C300CADB7C /* Sources */ = {
			isa = PBXSourcesBuildPhase;
			buildActionMask = 2147483647;
			files = (
				18C858AF291036C300CADB7C /* ViewController.swift in Sources */,
				18C858AB291036C300CADB7C /* AppDelegate.swift in Sources */,
				18C858BF291047B100CADB7C /* InfoViewController.swift in Sources */,
				18C858AD291036C300CADB7C /* SceneDelegate.swift in Sources */,
			);
			runOnlyForDeploymentPostprocessing = 0;
		};
/* End PBXSourcesBuildPhase section */

/* Begin PBXVariantGroup section */
		18C858B0291036C300CADB7C /* Main.storyboard */ = {
			isa = PBXVariantGroup;
			children = (
				18C858B1291036C300CADB7C /* Base */,
			);
			name = Main.storyboard;
			sourceTree = "<group>";
		};
/* End PBXVariantGroup section */

/* Begin XCBuildConfiguration section */
		18C858B9291036C400CADB7C /* Debug */ = {
			isa = XCBuildConfiguration;
			buildSettings = {
				ALWAYS_SEARCH_USER_PATHS = NO;
				CLANG_ANALYZER_NONNULL = YES;
				CLANG_ANALYZER_NUMBER_OBJECT_CONVERSION = YES_AGGRESSIVE;
				CLANG_CXX_LANGUAGE_STANDARD = "gnu++20";
				CLANG_ENABLE_MODULES = YES;
				CLANG_ENABLE_OBJC_ARC = YES;
				CLANG_ENABLE_OBJC_WEAK = YES;
				CLANG_WARN_BLOCK_CAPTURE_AUTORELEASING = YES;
				CLANG_WARN_BOOL_CONVERSION = YES;
				CLANG_WARN_COMMA = YES;
				CLANG_WARN_CONSTANT_CONVERSION = YES;
				CLANG_WARN_DEPRECATED_OBJC_IMPLEMENTATIONS = YES;
				CLANG_WARN_DIRECT_OBJC_ISA_USAGE = YES_ERROR;
				CLANG_WARN_DOCUMENTATION_COMMENTS = YES;
				CLANG_WARN_EMPTY_BODY = YES;
				CLANG_WARN_ENUM_CONVERSION = YES;
				CLANG_WARN_INFINITE_RECURSION = YES;
				CLANG_WARN_INT_CONVERSION = YES;
				CLANG_WARN_NON_LITERAL_NULL_CONVERSION = YES;
				CLANG_WARN_OBJC_IMPLICIT_RETAIN_SELF = YES;
				CLANG_WARN_OBJC_LITERAL_CONVERSION = YES;
				CLANG_WARN_OBJC_ROOT_CLASS = YES_ERROR;
				CLANG_WARN_QUOTED_INCLUDE_IN_FRAMEWORK_HEADER = YES;
				CLANG_WARN_RANGE_LOOP_ANALYSIS = YES;
				CLANG_WARN_STRICT_PROTOTYPES = YES;
				CLANG_WARN_SUSPICIOUS_MOVE = YES;
				CLANG_WARN_UNGUARDED_AVAILABILITY = YES_AGGRESSIVE;
				CLANG_WARN_UNREACHABLE_CODE = YES;
				CLANG_WARN__DUPLICATE_METHOD_MATCH = YES;
				COPY_PHASE_STRIP = NO;
				DEBUG_INFORMATION_FORMAT = dwarf;
				ENABLE_STRICT_OBJC_MSGSEND = YES;
				ENABLE_TESTABILITY = YES;
				GCC_C_LANGUAGE_STANDARD = gnu11;
				GCC_DYNAMIC_NO_PIC = NO;
				GCC_NO_COMMON_BLOCKS = YES;
				GCC_OPTIMIZATION_LEVEL = 0;
				GCC_PREPROCESSOR_DEFINITIONS = (
					"DEBUG=1",
					"$(inherited)",
				);
				GCC_WARN_64_TO_32_BIT_CONVERSION = YES;
				GCC_WARN_ABOUT_RETURN_TYPE = YES_ERROR;
				GCC_WARN_UNDECLARED_SELECTOR = YES;
				GCC_WARN_UNINITIALIZED_AUTOS = YES_AGGRESSIVE;
				GCC_WARN_UNUSED_FUNCTION = YES;
				GCC_WARN_UNUSED_VARIABLE = YES;
				IPHONEOS_DEPLOYMENT_TARGET = 16.0;
				MTL_ENABLE_DEBUG_INFO = INCLUDE_SOURCE;
				MTL_FAST_MATH = YES;
				ONLY_ACTIVE_ARCH = YES;
				SDKROOT = iphoneos;
				SWIFT_ACTIVE_COMPILATION_CONDITIONS = DEBUG;
				SWIFT_OPTIMIZATION_LEVEL = "-Onone";
			};
			name = Debug;
		};
		18C858BA291036C400CADB7C /* Release */ = {
			isa = XCBuildConfiguration;
			buildSettings = {
				ALWAYS_SEARCH_USER_PATHS = NO;
				CLANG_ANALYZER_NONNULL = YES;
				CLANG_ANALYZER_NUMBER_OBJECT_CONVERSION = YES_AGGRESSIVE;
				CLANG_CXX_LANGUAGE_STANDARD = "gnu++20";
				CLANG_ENABLE_MODULES = YES;
				CLANG_ENABLE_OBJC_ARC = YES;
				CLANG_ENABLE_OBJC_WEAK = YES;
				CLANG_WARN_BLOCK_CAPTURE_AUTORELEASING = YES;
				CLANG_WARN_BOOL_CONVERSION = YES;
				CLANG_WARN_COMMA = YES;
				CLANG_WARN_CONSTANT_CONVERSION = YES;
				CLANG_WARN_DEPRECATED_OBJC_IMPLEMENTATIONS = YES;
				CLANG_WARN_DIRECT_OBJC_ISA_USAGE = YES_ERROR;
				CLANG_WARN_DOCUMENTATION_COMMENTS = YES;
				CLANG_WARN_EMPTY_BODY = YES;
				CLANG_WARN_ENUM_CONVERSION = YES;
				CLANG_WARN_INFINITE_RECURSION = YES;
				CLANG_WARN_INT_CONVERSION = YES;
				CLANG_WARN_NON_LITERAL_NULL_CONVERSION = YES;
				CLANG_WARN_OBJC_IMPLICIT_RETAIN_SELF = YES;
				CLANG_WARN_OBJC_LITERAL_CONVERSION = YES;
				CLANG_WARN_OBJC_ROOT_CLASS = YES_ERROR;
				CLANG_WARN_QUOTED_INCLUDE_IN_FRAMEWORK_HEADER = YES;
				CLANG_WARN_RANGE_LOOP_ANALYSIS = YES;
				CLANG_WARN_STRICT_PROTOTYPES = YES;
				CLANG_WARN_SUSPICIOUS_MOVE = YES;
				CLANG_WARN_UNGUARDED_AVAILABILITY = YES_AGGRESSIVE;
				CLANG_WARN_UNREACHABLE_CODE = YES;
				CLANG_WARN__DUPLICATE_METHOD_MATCH = YES;
				COPY_PHASE_STRIP = NO;
				DEBUG_INFORMATION_FORMAT = "dwarf-with-dsym";
				ENABLE_NS_ASSERTIONS = NO;
				ENABLE_STRICT_OBJC_MSGSEND = YES;
				GCC_C_LANGUAGE_STANDARD = gnu11;
				GCC_NO_COMMON_BLOCKS = YES;
				GCC_WARN_64_TO_32_BIT_CONVERSION = YES;
				GCC_WARN_ABOUT_RETURN_TYPE = YES_ERROR;
				GCC_WARN_UNDECLARED_SELECTOR = YES;
				GCC_WARN_UNINITIALIZED_AUTOS = YES_AGGRESSIVE;
				GCC_WARN_UNUSED_FUNCTION = YES;
				GCC_WARN_UNUSED_VARIABLE = YES;
				IPHONEOS_DEPLOYMENT_TARGET = 16.0;
				MTL_ENABLE_DEBUG_INFO = NO;
				MTL_FAST_MATH = YES;
				SDKROOT = iphoneos;
				SWIFT_COMPILATION_MODE = wholemodule;
				SWIFT_OPTIMIZATION_LEVEL = "-O";
				VALIDATE_PRODUCT = YES;
			};
			name = Release;
		};
		18C858BC291036C400CADB7C /* Debug */ = {
			isa = XCBuildConfiguration;
			buildSettings = {
				ASSETCATALOG_COMPILER_APPICON_NAME = AppIcon;
				ASSETCATALOG_COMPILER_GLOBAL_ACCENT_COLOR_NAME = AccentColor;
				ASSETCATALOG_COMPILER_INCLUDE_ALL_APPICON_ASSETS = NO;
				CODE_SIGN_STYLE = Automatic;
				CURRENT_PROJECT_VERSION = 1;
				DEVELOPMENT_TEAM = VZGGB6PC3U;
				GENERATE_INFOPLIST_FILE = YES;
				INFOPLIST_FILE = AimForThat/Info.plist;
				INFOPLIST_KEY_UIApplicationSupportsIndirectInputEvents = YES;
				INFOPLIST_KEY_UILaunchStoryboardName = Main.storyboard;
				INFOPLIST_KEY_UIMainStoryboardFile = Main;
				INFOPLIST_KEY_UIStatusBarStyle = "";
				INFOPLIST_KEY_UISupportedInterfaceOrientations_iPad = "UIInterfaceOrientationPortrait UIInterfaceOrientationPortraitUpsideDown UIInterfaceOrientationLandscapeLeft UIInterfaceOrientationLandscapeRight";
				INFOPLIST_KEY_UISupportedInterfaceOrientations_iPhone = "UIInterfaceOrientationPortrait UIInterfaceOrientationLandscapeLeft UIInterfaceOrientationLandscapeRight";
				LD_RUNPATH_SEARCH_PATHS = (
					"$(inherited)",
					"@executable_path/Frameworks",
				);
				MARKETING_VERSION = 1.0;
				PRODUCT_BUNDLE_IDENTIFIER = com.jorgegarcia.AimForThat;
				PRODUCT_NAME = "$(TARGET_NAME)";
				SWIFT_EMIT_LOC_STRINGS = YES;
				SWIFT_VERSION = 5.0;
				TARGETED_DEVICE_FAMILY = "1,2";
			};
			name = Debug;
		};
		18C858BD291036C400CADB7C /* Release */ = {
			isa = XCBuildConfiguration;
			buildSettings = {
				ASSETCATALOG_COMPILER_APPICON_NAME = AppIcon;
				ASSETCATALOG_COMPILER_GLOBAL_ACCENT_COLOR_NAME = AccentColor;
				ASSETCATALOG_COMPILER_INCLUDE_ALL_APPICON_ASSETS = NO;
				CODE_SIGN_STYLE = Automatic;
				CURRENT_PROJECT_VERSION = 1;
				DEVELOPMENT_TEAM = VZGGB6PC3U;
				GENERATE_INFOPLIST_FILE = YES;
				INFOPLIST_FILE = AimForThat/Info.plist;
				INFOPLIST_KEY_UIApplicationSupportsIndirectInputEvents = YES;
				INFOPLIST_KEY_UILaunchStoryboardName = Main.storyboard;
				INFOPLIST_KEY_UIMainStoryboardFile = Main;
				INFOPLIST_KEY_UIStatusBarStyle = "";
				INFOPLIST_KEY_UISupportedInterfaceOrientations_iPad = "UIInterfaceOrientationPortrait UIInterfaceOrientationPortraitUpsideDown UIInterfaceOrientationLandscapeLeft UIInterfaceOrientationLandscapeRight";
				INFOPLIST_KEY_UISupportedInterfaceOrientations_iPhone = "UIInterfaceOrientationPortrait UIInterfaceOrientationLandscapeLeft UIInterfaceOrientationLandscapeRight";
				LD_RUNPATH_SEARCH_PATHS = (
					"$(inherited)",
					"@executable_path/Frameworks",
				);
				MARKETING_VERSION = 1.0;
				PRODUCT_BUNDLE_IDENTIFIER = com.jorgegarcia.AimForThat;
				PRODUCT_NAME = "$(TARGET_NAME)";
				SWIFT_EMIT_LOC_STRINGS = YES;
				SWIFT_VERSION = 5.0;
				TARGETED_DEVICE_FAMILY = "1,2";
			};
			name = Release;
		};
/* End XCBuildConfiguration section */

/* Begin XCConfigurationList section */
		18C858A2291036C300CADB7C /* Build configuration list for PBXProject "AimForThat" */ = {
			isa = XCConfigurationList;
			buildConfigurations = (
				18C858B9291036C400CADB7C /* Debug */,
				18C858BA291036C400CADB7C /* Release */,
			);
			defaultConfigurationIsVisible = 0;
			defaultConfigurationName = Release;
		};
		18C858BB291036C400CADB7C /* Build configuration list for PBXNativeTarget "AimForThat" */ = {
			isa = XCConfigurationList;
			buildConfigurations = (
				18C858BC291036C400CADB7C /* Debug */,
				18C858BD291036C400CADB7C /* Release */,
			);
			defaultConfigurationIsVisible = 0;
			defaultConfigurationName = Release;
		};
/* End XCConfigurationList section */
	};
	rootObject = 18C8589F291036C300CADB7C /* Project object */;
}
